
Microsoft Visual Studio Solution File, Format Version 12.00
# Visual Studio Version 16
VisualStudioVersion = 16.0.30523.141
MinimumVisualStudioVersion = 10.0.40219.1
Project("{FAE04EC0-301F-11D3-BF4B-00C04F79EFBC}") = "WpfApp3", "WpfApp3\WpfApp3.csproj", "{FC043893-CB97-49C9-B9A5-DA6A7D13DBB4}"
EndProject
Global
	GlobalSection(SolutionConfigurationPlatforms) = preSolution
		Debug|Any CPU = Debug|Any CPU
		Release|Any CPU = Release|Any CPU
	EndGlobalSection
	GlobalSection(ProjectConfigurationPlatforms) = postSolution
		{FC043893-CB97-49C9-B9A5-DA6A7D13DBB4}.Debug|Any CPU.ActiveCfg = Debug|Any CPU
		{FC043893-CB97-49C9-B9A5-DA6A7D13DBB4}.Debug|Any CPU.Build.0 = Debug|Any CPU
		{FC043893-CB97-49C9-B9A5-DA6A7D13DBB4}.Release|Any CPU.ActiveCfg = Release|Any CPU
		{FC043893-CB97-49C9-B9A5-DA6A7D13DBB4}.Release|Any CPU.Build.0 = Release|Any CPU
	EndGlobalSection
	GlobalSection(SolutionProperties) = preSolution
		HideSolutionNode = FALSE
	EndGlobalSection
	GlobalSection(ExtensibilityGlobals) = postSolution
		SolutionGuid = {E284D69A-525F-403A-9DD0-5DC7EAFC05F9}
	EndGlobalSection
EndGlobal
